
Microsoft Visual Studio Solution File, Format Version 12.00
# Visual Studio 14
VisualStudioVersion = 14.0.25420.1
MinimumVisualStudioVersion = 10.0.40219.1
Project("{FAE04EC0-301F-11D3-BF4B-00C04F79EFBC}") = "PdfExtractor.Tests", "PdfExtractor.Tests\PdfExtractor.Tests.csproj", "{1F7A4BE2-CE0A-4DF3-B88E-1D82E25DCEEC}"
EndProject
Project("{2150E333-8FDC-42A3-9474-1A3956D46DE8}") = "Solution Items", "Solution Items", "{56D9E24A-39B0-4E24-BB6E-CEB98DA43E38}"
	ProjectSection(SolutionItems) = preProject
		docs\Input\Graphs_from_Hugh\Bar chart 2.pdf = docs\Input\Graphs_from_Hugh\Bar chart 2.pdf
		docs\Input\Graphs_from_Hugh\Bar chart.pdf = docs\Input\Graphs_from_Hugh\Bar chart.pdf
		docs\Input\BMJ 2011 Olesen.pdf = docs\Input\BMJ 2011 Olesen.pdf
		docs\Input\Graphs_from_Hugh\box plot.pdf = docs\Input\Graphs_from_Hugh\box plot.pdf
		docs\Input\Eur Heart J 2012 LaHaye.pdf = docs\Input\Eur Heart J 2012 LaHaye.pdf
		docs\Input\J Thromb Haemost 2011 Olesen.pdf = docs\Input\J Thromb Haemost 2011 Olesen.pdf
		docs\Input\Graphs_from_Hugh\MIxed mages.pdf = docs\Input\Graphs_from_Hugh\MIxed mages.pdf
		docs\Input\Graphs_from_Hugh\pie chart.pdf = docs\Input\Graphs_from_Hugh\pie chart.pdf
		docs\Input\Graphs_from_Hugh\ppv npv chart.pdf = docs\Input\Graphs_from_Hugh\ppv npv chart.pdf
		docs\Input\Graphs_from_Hugh\ROC curves.pdf = docs\Input\Graphs_from_Hugh\ROC curves.pdf
		docs\Input\Graphs_from_Hugh\ROC curves2.pdf = docs\Input\Graphs_from_Hugh\ROC curves2.pdf
		docs\Input\Graphs_from_Hugh\scatter plot.pdf = docs\Input\Graphs_from_Hugh\scatter plot.pdf
		docs\Input\Some text from LibreOffice Draw.pdf = docs\Input\Some text from LibreOffice Draw.pdf
	EndProjectSection
EndProject
Project("{FAE04EC0-301F-11D3-BF4B-00C04F79EFBC}") = "PdfExtractor.Web", "PdfExtractor.Web\PdfExtractor.Web.csproj", "{F6848A9E-33A0-4F31-A6D9-8E9D510D3B6A}"
EndProject
Global
	GlobalSection(SolutionConfigurationPlatforms) = preSolution
		Debug|Any CPU = Debug|Any CPU
		Release|Any CPU = Release|Any CPU
	EndGlobalSection
	GlobalSection(ProjectConfigurationPlatforms) = postSolution
		{1F7A4BE2-CE0A-4DF3-B88E-1D82E25DCEEC}.Debug|Any CPU.ActiveCfg = Debug|Any CPU
		{1F7A4BE2-CE0A-4DF3-B88E-1D82E25DCEEC}.Debug|Any CPU.Build.0 = Debug|Any CPU
		{1F7A4BE2-CE0A-4DF3-B88E-1D82E25DCEEC}.Release|Any CPU.ActiveCfg = Release|Any CPU
		{1F7A4BE2-CE0A-4DF3-B88E-1D82E25DCEEC}.Release|Any CPU.Build.0 = Release|Any CPU
		{F6848A9E-33A0-4F31-A6D9-8E9D510D3B6A}.Debug|Any CPU.ActiveCfg = Debug|Any CPU
		{F6848A9E-33A0-4F31-A6D9-8E9D510D3B6A}.Debug|Any CPU.Build.0 = Debug|Any CPU
		{F6848A9E-33A0-4F31-A6D9-8E9D510D3B6A}.Release|Any CPU.ActiveCfg = Release|Any CPU
		{F6848A9E-33A0-4F31-A6D9-8E9D510D3B6A}.Release|Any CPU.Build.0 = Release|Any CPU
	EndGlobalSection
	GlobalSection(SolutionProperties) = preSolution
		HideSolutionNode = FALSE
	EndGlobalSection
EndGlobal
